
Microsoft Visual Studio Solution File, Format Version 12.00
# Visual Studio 15
VisualStudioVersion = 15.0.27130.2027
MinimumVisualStudioVersion = 10.0.40219.1
Project("{2150E333-8FDC-42A3-9474-1A3956D46DE8}") = "Web", "Web", "{DCDE58D1-08AD-4805-8C03-2A31A8E9CCDC}"
EndProject
Project("{2150E333-8FDC-42A3-9474-1A3956D46DE8}") = "Data", "Data", "{F3659037-DA11-4814-B97C-7554BD258CB2}"
EndProject
Project("{9A19103F-16F7-4668-BE54-9A1E7A4F7556}") = "TwitterBackup.Web", "TwitterBackup.Web\TwitterBackup.Web.csproj", "{83818F99-8CCD-40CA-A466-FAF899DEE4BC}"
EndProject
Project("{2150E333-8FDC-42A3-9474-1A3956D46DE8}") = "Test", "Test", "{28D48D5C-E45B-4AB4-A6C7-15DB8036F90B}"
EndProject
Project("{9A19103F-16F7-4668-BE54-9A1E7A4F7556}") = "TwitterBackup.Tests", "TwitterBackup.Tests\TwitterBackup.Tests.csproj", "{63DEDE66-74A7-47D6-9DCD-99E5E5BB4B8A}"
EndProject
Project("{9A19103F-16F7-4668-BE54-9A1E7A4F7556}") = "TwitterBackup.Data.Models", "TwitterBackup.Data.Models\TwitterBackup.Data.Models.csproj", "{22B7F76C-6F2E-4FC2-8D98-4DCD55072CC0}"
EndProject
Project("{9A19103F-16F7-4668-BE54-9A1E7A4F7556}") = "TwitterBackup.Data.Repository", "TwitterBackup.Data.Repository\TwitterBackup.Data.Repository.csproj", "{C9401D13-92E1-48FA-BCEA-6426DF2DFF80}"
EndProject
Project("{9A19103F-16F7-4668-BE54-9A1E7A4F7556}") = "TwitterBackup.Data.Context", "TwitterBackup.Data.Context\TwitterBackup.Data.Context.csproj", "{48E98D3C-E700-43F9-8DB9-0FA55C9D6CDB}"
EndProject
Project("{FAE04EC0-301F-11D3-BF4B-00C04F79EFBC}") = "TwitterBackup.Data.Services", "TwitterBackup.Data.Services\TwitterBackup.Data.Services.csproj", "{786B7E44-2AF4-49AC-9124-AC156DCBDE2A}"
EndProject
Global
	GlobalSection(SolutionConfigurationPlatforms) = preSolution
		Debug|Any CPU = Debug|Any CPU
		Release|Any CPU = Release|Any CPU
	EndGlobalSection
	GlobalSection(ProjectConfigurationPlatforms) = postSolution
		{83818F99-8CCD-40CA-A466-FAF899DEE4BC}.Debug|Any CPU.ActiveCfg = Debug|Any CPU
		{83818F99-8CCD-40CA-A466-FAF899DEE4BC}.Debug|Any CPU.Build.0 = Debug|Any CPU
		{83818F99-8CCD-40CA-A466-FAF899DEE4BC}.Release|Any CPU.ActiveCfg = Release|Any CPU
		{83818F99-8CCD-40CA-A466-FAF899DEE4BC}.Release|Any CPU.Build.0 = Release|Any CPU
		{63DEDE66-74A7-47D6-9DCD-99E5E5BB4B8A}.Debug|Any CPU.ActiveCfg = Debug|Any CPU
		{63DEDE66-74A7-47D6-9DCD-99E5E5BB4B8A}.Debug|Any CPU.Build.0 = Debug|Any CPU
		{63DEDE66-74A7-47D6-9DCD-99E5E5BB4B8A}.Release|Any CPU.ActiveCfg = Release|Any CPU
		{63DEDE66-74A7-47D6-9DCD-99E5E5BB4B8A}.Release|Any CPU.Build.0 = Release|Any CPU
		{22B7F76C-6F2E-4FC2-8D98-4DCD55072CC0}.Debug|Any CPU.ActiveCfg = Debug|Any CPU
		{22B7F76C-6F2E-4FC2-8D98-4DCD55072CC0}.Debug|Any CPU.Build.0 = Debug|Any CPU
		{22B7F76C-6F2E-4FC2-8D98-4DCD55072CC0}.Release|Any CPU.ActiveCfg = Release|Any CPU
		{22B7F76C-6F2E-4FC2-8D98-4DCD55072CC0}.Release|Any CPU.Build.0 = Release|Any CPU
		{C9401D13-92E1-48FA-BCEA-6426DF2DFF80}.Debug|Any CPU.ActiveCfg = Debug|Any CPU
		{C9401D13-92E1-48FA-BCEA-6426DF2DFF80}.Debug|Any CPU.Build.0 = Debug|Any CPU
		{C9401D13-92E1-48FA-BCEA-6426DF2DFF80}.Release|Any CPU.ActiveCfg = Release|Any CPU
		{C9401D13-92E1-48FA-BCEA-6426DF2DFF80}.Release|Any CPU.Build.0 = Release|Any CPU
		{48E98D3C-E700-43F9-8DB9-0FA55C9D6CDB}.Debug|Any CPU.ActiveCfg = Debug|Any CPU
		{48E98D3C-E700-43F9-8DB9-0FA55C9D6CDB}.Debug|Any CPU.Build.0 = Debug|Any CPU
		{48E98D3C-E700-43F9-8DB9-0FA55C9D6CDB}.Release|Any CPU.ActiveCfg = Release|Any CPU
		{48E98D3C-E700-43F9-8DB9-0FA55C9D6CDB}.Release|Any CPU.Build.0 = Release|Any CPU
		{786B7E44-2AF4-49AC-9124-AC156DCBDE2A}.Debug|Any CPU.ActiveCfg = Debug|Any CPU
		{786B7E44-2AF4-49AC-9124-AC156DCBDE2A}.Debug|Any CPU.Build.0 = Debug|Any CPU
		{786B7E44-2AF4-49AC-9124-AC156DCBDE2A}.Release|Any CPU.ActiveCfg = Release|Any CPU
		{786B7E44-2AF4-49AC-9124-AC156DCBDE2A}.Release|Any CPU.Build.0 = Release|Any CPU
	EndGlobalSection
	GlobalSection(SolutionProperties) = preSolution
		HideSolutionNode = FALSE
	EndGlobalSection
	GlobalSection(NestedProjects) = preSolution
		{83818F99-8CCD-40CA-A466-FAF899DEE4BC} = {DCDE58D1-08AD-4805-8C03-2A31A8E9CCDC}
		{63DEDE66-74A7-47D6-9DCD-99E5E5BB4B8A} = {28D48D5C-E45B-4AB4-A6C7-15DB8036F90B}
		{22B7F76C-6F2E-4FC2-8D98-4DCD55072CC0} = {F3659037-DA11-4814-B97C-7554BD258CB2}
		{C9401D13-92E1-48FA-BCEA-6426DF2DFF80} = {F3659037-DA11-4814-B97C-7554BD258CB2}
		{48E98D3C-E700-43F9-8DB9-0FA55C9D6CDB} = {F3659037-DA11-4814-B97C-7554BD258CB2}
		{786B7E44-2AF4-49AC-9124-AC156DCBDE2A} = {F3659037-DA11-4814-B97C-7554BD258CB2}
	EndGlobalSection
	GlobalSection(ExtensibilityGlobals) = postSolution
		SolutionGuid = {A1249402-B3E6-42B4-BF47-18C234DC3A52}
	EndGlobalSection
EndGlobal
